
Microsoft Visual Studio Solution File, Format Version 12.00
# Visual Studio Version 17
VisualStudioVersion = 17.7.34221.43
MinimumVisualStudioVersion = 10.0.40219.1
Project("{9A19103F-16F7-4668-BE54-9A1E7A4F7556}") = "000_Start", "000_Start\000_Start.csproj", "{570B9B33-B0C0-4FC9-8A9A-AA9C30999D00}"
EndProject
Project("{9A19103F-16F7-4668-BE54-9A1E7A4F7556}") = "010_TypString", "010_TypString\010_TypString.csproj", "{FA385792-705D-48D6-9BC7-092058CCDF05}"
EndProject
Project("{FAE04EC0-301F-11D3-BF4B-00C04F79EFBC}") = "011_PowszechneOperatory", "011_PowszechneOperatory\011_PowszechneOperatory.csproj", "{BD953BDC-91A0-4A9B-8644-9975136D85F4}"
EndProject
Global
	GlobalSection(SolutionConfigurationPlatforms) = preSolution
		Debug|Any CPU = Debug|Any CPU
		Release|Any CPU = Release|Any CPU
	EndGlobalSection
	GlobalSection(ProjectConfigurationPlatforms) = postSolution
		{570B9B33-B0C0-4FC9-8A9A-AA9C30999D00}.Debug|Any CPU.ActiveCfg = Debug|Any CPU
		{570B9B33-B0C0-4FC9-8A9A-AA9C30999D00}.Debug|Any CPU.Build.0 = Debug|Any CPU
		{570B9B33-B0C0-4FC9-8A9A-AA9C30999D00}.Release|Any CPU.ActiveCfg = Release|Any CPU
		{570B9B33-B0C0-4FC9-8A9A-AA9C30999D00}.Release|Any CPU.Build.0 = Release|Any CPU
		{FA385792-705D-48D6-9BC7-092058CCDF05}.Debug|Any CPU.ActiveCfg = Debug|Any CPU
		{FA385792-705D-48D6-9BC7-092058CCDF05}.Debug|Any CPU.Build.0 = Debug|Any CPU
		{FA385792-705D-48D6-9BC7-092058CCDF05}.Release|Any CPU.ActiveCfg = Release|Any CPU
		{FA385792-705D-48D6-9BC7-092058CCDF05}.Release|Any CPU.Build.0 = Release|Any CPU
		{BD953BDC-91A0-4A9B-8644-9975136D85F4}.Debug|Any CPU.ActiveCfg = Debug|Any CPU
		{BD953BDC-91A0-4A9B-8644-9975136D85F4}.Debug|Any CPU.Build.0 = Debug|Any CPU
		{BD953BDC-91A0-4A9B-8644-9975136D85F4}.Release|Any CPU.ActiveCfg = Release|Any CPU
		{BD953BDC-91A0-4A9B-8644-9975136D85F4}.Release|Any CPU.Build.0 = Release|Any CPU
	EndGlobalSection
	GlobalSection(SolutionProperties) = preSolution
		HideSolutionNode = FALSE
	EndGlobalSection
	GlobalSection(ExtensibilityGlobals) = postSolution
		SolutionGuid = {4A4FEC52-1AAD-47AF-8F0B-A7BE6E8E1F68}
	EndGlobalSection
EndGlobal
