
Microsoft Visual Studio Solution File, Format Version 12.00
# Visual Studio Version 17
VisualStudioVersion = 17.7.34221.43
MinimumVisualStudioVersion = 10.0.40219.1
Project("{9A19103F-16F7-4668-BE54-9A1E7A4F7556}") = "000_Start", "000_Start\000_Start.csproj", "{570B9B33-B0C0-4FC9-8A9A-AA9C30999D00}"
EndProject
Project("{9A19103F-16F7-4668-BE54-9A1E7A4F7556}") = "010_TypString", "010_TypString\010_TypString.csproj", "{FA385792-705D-48D6-9BC7-092058CCDF05}"
EndProject
Project("{9A19103F-16F7-4668-BE54-9A1E7A4F7556}") = "011_PowszechneOperatory", "011_PowszechneOperatory\011_PowszechneOperatory.csproj", "{BD953BDC-91A0-4A9B-8644-9975136D85F4}"
EndProject
Project("{9A19103F-16F7-4668-BE54-9A1E7A4F7556}") = "013_if-else", "013_if-else\013_if-else.csproj", "{D2C68D8E-0517-43D5-9D5C-C84EFA1E6A0D}"
EndProject
Project("{9A19103F-16F7-4668-BE54-9A1E7A4F7556}") = "015_switch", "015_switch\015_switch.csproj", "{170724F5-6B80-4A2F-9CE9-48EE8EE1CABE}"
EndProject
Project("{9A19103F-16F7-4668-BE54-9A1E7A4F7556}") = "016_KonwersjaRzutowanie", "016_KonwersjaRzutowanie\016_KonwersjaRzutowanie.csproj", "{F97B1CA9-BA4D-4134-925E-61A2B4785C97}"
EndProject
Project("{9A19103F-16F7-4668-BE54-9A1E7A4F7556}") = "017_KalkulatorBMI", "017_KalkulatorBMI\017_KalkulatorBMI.csproj", "{38DB4531-989A-4C8B-85D3-FB3096DF0C5C}"
EndProject
Project("{9A19103F-16F7-4668-BE54-9A1E7A4F7556}") = "018_Tablice", "018_Tablice\018_Tablice.csproj", "{993F814D-E312-4495-B200-33EA50DB3EBA}"
EndProject
Project("{9A19103F-16F7-4668-BE54-9A1E7A4F7556}") = "019_PetlaWhile", "019_PetlaWhile\019_PetlaWhile.csproj", "{6CA376B8-5B5A-4C61-9B1E-9D22C364C027}"
EndProject
Project("{9A19103F-16F7-4668-BE54-9A1E7A4F7556}") = "020_PetlaDo-While", "020_PetlaDo-While\020_PetlaDo-While.csproj", "{C18BD925-4509-4426-B35A-14A6F2C062ED}"
EndProject
Project("{9A19103F-16F7-4668-BE54-9A1E7A4F7556}") = "021_PetlaFor", "021_PetlaFor\021_PetlaFor.csproj", "{0863C804-7CE3-4DD3-A53E-6D85ED3DF3A3}"
EndProject
Project("{9A19103F-16F7-4668-BE54-9A1E7A4F7556}") = "022_PetlaForeach", "022_PetlaForeach\022_PetlaForeach.csproj", "{683E3D5B-75AE-48E5-81E3-3AB09F0B692D}"
EndProject
Project("{9A19103F-16F7-4668-BE54-9A1E7A4F7556}") = "024_ZadIterowaniePoDanych", "024_ZadIterowaniePoDanych\024_ZadIterowaniePoDanych.csproj", "{B90655E0-93B9-4EC3-B66B-17104ADB9BF4}"
EndProject
Project("{9A19103F-16F7-4668-BE54-9A1E7A4F7556}") = "025_ENUM", "025_ENUM\025_ENUM.csproj", "{89CA9FD8-0F98-4F30-B49C-B871ABB10C6B}"
EndProject
Project("{9A19103F-16F7-4668-BE54-9A1E7A4F7556}") = "026_Nullable", "026_Nullable\026_Nullable.csproj", "{4473A894-495A-45E9-BFE9-3FF5C8C1FFF9}"
EndProject
Project("{9A19103F-16F7-4668-BE54-9A1E7A4F7556}") = "027_TryCatchFinally", "027_TryCatchFinally\027_TryCatchFinally.csproj", "{806C0215-D05D-412C-8108-86324445C23E}"
EndProject
Project("{9A19103F-16F7-4668-BE54-9A1E7A4F7556}") = "030_ZadParsowanieDaty", "030_ZadParsowanieDaty\030_ZadParsowanieDaty.csproj", "{1150AE9C-E0EC-4774-820F-991D6850C24D}"
EndProject
Project("{9A19103F-16F7-4668-BE54-9A1E7A4F7556}") = "031_KlasyWprowadzenie", "031_KlasyWprowadzenie\031_KlasyWprowadzenie.csproj", "{8A7A31FF-9897-4334-B9C4-7EE6A6652BB7}"
EndProject
Project("{9A19103F-16F7-4668-BE54-9A1E7A4F7556}") = "037_ModyfikatoryDostepu", "037_ModyfikatoryDostepu\037_ModyfikatoryDostepu.csproj", "{C2E058B5-E472-423F-BFB6-53B24F4F8590}"
EndProject
Project("{9A19103F-16F7-4668-BE54-9A1E7A4F7556}") = "040_Cwiczenie4", "040_Cwiczenie4\040_Cwiczenie4.csproj", "{9BDDA23D-5089-48D6-9797-014D862E6E27}"
EndProject
Project("{9A19103F-16F7-4668-BE54-9A1E7A4F7556}") = "040_Interface", "040_Interface\040_Interface.csproj", "{4F0B7052-A6F5-406E-A962-C5650B00C534}"
EndProject
Project("{9A19103F-16F7-4668-BE54-9A1E7A4F7556}") = "040_Cwiczenie5", "040_Cwiczenie5\040_Cwiczenie5.csproj", "{6F252124-7BB3-4398-AD95-ED970E81868B}"
EndProject
Project("{9A19103F-16F7-4668-BE54-9A1E7A4F7556}") = "041_Polimorfizm", "041_Polimorfizm\041_Polimorfizm.csproj", "{EC5870D8-D955-4A4C-81D3-8DC1D9859E3A}"
EndProject
Project("{9A19103F-16F7-4668-BE54-9A1E7A4F7556}") = "043_Lista", "043_Lista\043_Lista.csproj", "{D47BB252-EA3B-4BF4-B82D-A16EC075928E}"
EndProject
Project("{9A19103F-16F7-4668-BE54-9A1E7A4F7556}") = "044_LINQ", "044_LINQ\044_LINQ.csproj", "{010BA600-0B8C-4017-AAE0-F6216837C3AD}"
EndProject
Project("{9A19103F-16F7-4668-BE54-9A1E7A4F7556}") = "046_Slownik", "046_Slownik\046_Slownik.csproj", "{F8C8F46F-C295-4685-9F66-D7D1214D06DE}"
EndProject
Project("{9A19103F-16F7-4668-BE54-9A1E7A4F7556}") = "048_yield", "048_yield\048_yield.csproj", "{38BAA4A9-1C21-4DE9-9C09-92D6A08766F0}"
EndProject
Project("{9A19103F-16F7-4668-BE54-9A1E7A4F7556}") = "050_AppKsizTelefon", "050_AppKsizTelefon\050_AppKsizTelefon.csproj", "{2E60BD43-1A13-4C3A-8FE6-37231FD54572}"
EndProject
Project("{9A19103F-16F7-4668-BE54-9A1E7A4F7556}") = "052_Cwiczenie9", "052_Cwiczenie9\052_Cwiczenie9.csproj", "{EE410282-326C-4C1C-B285-8A38EACAAEC6}"
EndProject
Project("{9A19103F-16F7-4668-BE54-9A1E7A4F7556}") = "053_ParsowanieUjemnej", "053_ParsowanieUjemnej\053_ParsowanieUjemnej.csproj", "{2C758B92-FFBE-464B-9D38-76F0DEEF3CA4}"
EndProject
Project("{9A19103F-16F7-4668-BE54-9A1E7A4F7556}") = "054_PorWartRef", "054_PorWartRef\054_PorWartRef.csproj", "{B7197B14-8A6A-4FE6-B4F1-31EEE26C13B0}"
EndProject
Project("{9A19103F-16F7-4668-BE54-9A1E7A4F7556}") = "055_ConstReadOnly", "055_ConstReadOnly\055_ConstReadOnly.csproj", "{B2BA8A98-778C-44B1-8C4E-A76C3F5E9736}"
EndProject
Project("{FAE04EC0-301F-11D3-BF4B-00C04F79EFBC}") = "056_Kata", "056_Kata\056_Kata.csproj", "{417595C7-369B-49BE-8B93-8AB9D9F522E6}"
EndProject
Global
	GlobalSection(SolutionConfigurationPlatforms) = preSolution
		Debug|Any CPU = Debug|Any CPU
		Release|Any CPU = Release|Any CPU
	EndGlobalSection
	GlobalSection(ProjectConfigurationPlatforms) = postSolution
		{570B9B33-B0C0-4FC9-8A9A-AA9C30999D00}.Debug|Any CPU.ActiveCfg = Debug|Any CPU
		{570B9B33-B0C0-4FC9-8A9A-AA9C30999D00}.Debug|Any CPU.Build.0 = Debug|Any CPU
		{570B9B33-B0C0-4FC9-8A9A-AA9C30999D00}.Release|Any CPU.ActiveCfg = Release|Any CPU
		{570B9B33-B0C0-4FC9-8A9A-AA9C30999D00}.Release|Any CPU.Build.0 = Release|Any CPU
		{FA385792-705D-48D6-9BC7-092058CCDF05}.Debug|Any CPU.ActiveCfg = Debug|Any CPU
		{FA385792-705D-48D6-9BC7-092058CCDF05}.Debug|Any CPU.Build.0 = Debug|Any CPU
		{FA385792-705D-48D6-9BC7-092058CCDF05}.Release|Any CPU.ActiveCfg = Release|Any CPU
		{FA385792-705D-48D6-9BC7-092058CCDF05}.Release|Any CPU.Build.0 = Release|Any CPU
		{BD953BDC-91A0-4A9B-8644-9975136D85F4}.Debug|Any CPU.ActiveCfg = Debug|Any CPU
		{BD953BDC-91A0-4A9B-8644-9975136D85F4}.Debug|Any CPU.Build.0 = Debug|Any CPU
		{BD953BDC-91A0-4A9B-8644-9975136D85F4}.Release|Any CPU.ActiveCfg = Release|Any CPU
		{BD953BDC-91A0-4A9B-8644-9975136D85F4}.Release|Any CPU.Build.0 = Release|Any CPU
		{D2C68D8E-0517-43D5-9D5C-C84EFA1E6A0D}.Debug|Any CPU.ActiveCfg = Debug|Any CPU
		{D2C68D8E-0517-43D5-9D5C-C84EFA1E6A0D}.Debug|Any CPU.Build.0 = Debug|Any CPU
		{D2C68D8E-0517-43D5-9D5C-C84EFA1E6A0D}.Release|Any CPU.ActiveCfg = Release|Any CPU
		{D2C68D8E-0517-43D5-9D5C-C84EFA1E6A0D}.Release|Any CPU.Build.0 = Release|Any CPU
		{170724F5-6B80-4A2F-9CE9-48EE8EE1CABE}.Debug|Any CPU.ActiveCfg = Debug|Any CPU
		{170724F5-6B80-4A2F-9CE9-48EE8EE1CABE}.Debug|Any CPU.Build.0 = Debug|Any CPU
		{170724F5-6B80-4A2F-9CE9-48EE8EE1CABE}.Release|Any CPU.ActiveCfg = Release|Any CPU
		{170724F5-6B80-4A2F-9CE9-48EE8EE1CABE}.Release|Any CPU.Build.0 = Release|Any CPU
		{F97B1CA9-BA4D-4134-925E-61A2B4785C97}.Debug|Any CPU.ActiveCfg = Debug|Any CPU
		{F97B1CA9-BA4D-4134-925E-61A2B4785C97}.Debug|Any CPU.Build.0 = Debug|Any CPU
		{F97B1CA9-BA4D-4134-925E-61A2B4785C97}.Release|Any CPU.ActiveCfg = Release|Any CPU
		{F97B1CA9-BA4D-4134-925E-61A2B4785C97}.Release|Any CPU.Build.0 = Release|Any CPU
		{38DB4531-989A-4C8B-85D3-FB3096DF0C5C}.Debug|Any CPU.ActiveCfg = Debug|Any CPU
		{38DB4531-989A-4C8B-85D3-FB3096DF0C5C}.Debug|Any CPU.Build.0 = Debug|Any CPU
		{38DB4531-989A-4C8B-85D3-FB3096DF0C5C}.Release|Any CPU.ActiveCfg = Release|Any CPU
		{38DB4531-989A-4C8B-85D3-FB3096DF0C5C}.Release|Any CPU.Build.0 = Release|Any CPU
		{993F814D-E312-4495-B200-33EA50DB3EBA}.Debug|Any CPU.ActiveCfg = Debug|Any CPU
		{993F814D-E312-4495-B200-33EA50DB3EBA}.Debug|Any CPU.Build.0 = Debug|Any CPU
		{993F814D-E312-4495-B200-33EA50DB3EBA}.Release|Any CPU.ActiveCfg = Release|Any CPU
		{993F814D-E312-4495-B200-33EA50DB3EBA}.Release|Any CPU.Build.0 = Release|Any CPU
		{6CA376B8-5B5A-4C61-9B1E-9D22C364C027}.Debug|Any CPU.ActiveCfg = Debug|Any CPU
		{6CA376B8-5B5A-4C61-9B1E-9D22C364C027}.Debug|Any CPU.Build.0 = Debug|Any CPU
		{6CA376B8-5B5A-4C61-9B1E-9D22C364C027}.Release|Any CPU.ActiveCfg = Release|Any CPU
		{6CA376B8-5B5A-4C61-9B1E-9D22C364C027}.Release|Any CPU.Build.0 = Release|Any CPU
		{C18BD925-4509-4426-B35A-14A6F2C062ED}.Debug|Any CPU.ActiveCfg = Debug|Any CPU
		{C18BD925-4509-4426-B35A-14A6F2C062ED}.Debug|Any CPU.Build.0 = Debug|Any CPU
		{C18BD925-4509-4426-B35A-14A6F2C062ED}.Release|Any CPU.ActiveCfg = Release|Any CPU
		{C18BD925-4509-4426-B35A-14A6F2C062ED}.Release|Any CPU.Build.0 = Release|Any CPU
		{0863C804-7CE3-4DD3-A53E-6D85ED3DF3A3}.Debug|Any CPU.ActiveCfg = Debug|Any CPU
		{0863C804-7CE3-4DD3-A53E-6D85ED3DF3A3}.Debug|Any CPU.Build.0 = Debug|Any CPU
		{0863C804-7CE3-4DD3-A53E-6D85ED3DF3A3}.Release|Any CPU.ActiveCfg = Release|Any CPU
		{0863C804-7CE3-4DD3-A53E-6D85ED3DF3A3}.Release|Any CPU.Build.0 = Release|Any CPU
		{683E3D5B-75AE-48E5-81E3-3AB09F0B692D}.Debug|Any CPU.ActiveCfg = Debug|Any CPU
		{683E3D5B-75AE-48E5-81E3-3AB09F0B692D}.Debug|Any CPU.Build.0 = Debug|Any CPU
		{683E3D5B-75AE-48E5-81E3-3AB09F0B692D}.Release|Any CPU.ActiveCfg = Release|Any CPU
		{683E3D5B-75AE-48E5-81E3-3AB09F0B692D}.Release|Any CPU.Build.0 = Release|Any CPU
		{B90655E0-93B9-4EC3-B66B-17104ADB9BF4}.Debug|Any CPU.ActiveCfg = Debug|Any CPU
		{B90655E0-93B9-4EC3-B66B-17104ADB9BF4}.Debug|Any CPU.Build.0 = Debug|Any CPU
		{B90655E0-93B9-4EC3-B66B-17104ADB9BF4}.Release|Any CPU.ActiveCfg = Release|Any CPU
		{B90655E0-93B9-4EC3-B66B-17104ADB9BF4}.Release|Any CPU.Build.0 = Release|Any CPU
		{89CA9FD8-0F98-4F30-B49C-B871ABB10C6B}.Debug|Any CPU.ActiveCfg = Debug|Any CPU
		{89CA9FD8-0F98-4F30-B49C-B871ABB10C6B}.Debug|Any CPU.Build.0 = Debug|Any CPU
		{89CA9FD8-0F98-4F30-B49C-B871ABB10C6B}.Release|Any CPU.ActiveCfg = Release|Any CPU
		{89CA9FD8-0F98-4F30-B49C-B871ABB10C6B}.Release|Any CPU.Build.0 = Release|Any CPU
		{4473A894-495A-45E9-BFE9-3FF5C8C1FFF9}.Debug|Any CPU.ActiveCfg = Debug|Any CPU
		{4473A894-495A-45E9-BFE9-3FF5C8C1FFF9}.Debug|Any CPU.Build.0 = Debug|Any CPU
		{4473A894-495A-45E9-BFE9-3FF5C8C1FFF9}.Release|Any CPU.ActiveCfg = Release|Any CPU
		{4473A894-495A-45E9-BFE9-3FF5C8C1FFF9}.Release|Any CPU.Build.0 = Release|Any CPU
		{806C0215-D05D-412C-8108-86324445C23E}.Debug|Any CPU.ActiveCfg = Debug|Any CPU
		{806C0215-D05D-412C-8108-86324445C23E}.Debug|Any CPU.Build.0 = Debug|Any CPU
		{806C0215-D05D-412C-8108-86324445C23E}.Release|Any CPU.ActiveCfg = Release|Any CPU
		{806C0215-D05D-412C-8108-86324445C23E}.Release|Any CPU.Build.0 = Release|Any CPU
		{1150AE9C-E0EC-4774-820F-991D6850C24D}.Debug|Any CPU.ActiveCfg = Debug|Any CPU
		{1150AE9C-E0EC-4774-820F-991D6850C24D}.Debug|Any CPU.Build.0 = Debug|Any CPU
		{1150AE9C-E0EC-4774-820F-991D6850C24D}.Release|Any CPU.ActiveCfg = Release|Any CPU
		{1150AE9C-E0EC-4774-820F-991D6850C24D}.Release|Any CPU.Build.0 = Release|Any CPU
		{8A7A31FF-9897-4334-B9C4-7EE6A6652BB7}.Debug|Any CPU.ActiveCfg = Debug|Any CPU
		{8A7A31FF-9897-4334-B9C4-7EE6A6652BB7}.Debug|Any CPU.Build.0 = Debug|Any CPU
		{8A7A31FF-9897-4334-B9C4-7EE6A6652BB7}.Release|Any CPU.ActiveCfg = Release|Any CPU
		{8A7A31FF-9897-4334-B9C4-7EE6A6652BB7}.Release|Any CPU.Build.0 = Release|Any CPU
		{C2E058B5-E472-423F-BFB6-53B24F4F8590}.Debug|Any CPU.ActiveCfg = Debug|Any CPU
		{C2E058B5-E472-423F-BFB6-53B24F4F8590}.Debug|Any CPU.Build.0 = Debug|Any CPU
		{C2E058B5-E472-423F-BFB6-53B24F4F8590}.Release|Any CPU.ActiveCfg = Release|Any CPU
		{C2E058B5-E472-423F-BFB6-53B24F4F8590}.Release|Any CPU.Build.0 = Release|Any CPU
		{9BDDA23D-5089-48D6-9797-014D862E6E27}.Debug|Any CPU.ActiveCfg = Debug|Any CPU
		{9BDDA23D-5089-48D6-9797-014D862E6E27}.Debug|Any CPU.Build.0 = Debug|Any CPU
		{9BDDA23D-5089-48D6-9797-014D862E6E27}.Release|Any CPU.ActiveCfg = Release|Any CPU
		{9BDDA23D-5089-48D6-9797-014D862E6E27}.Release|Any CPU.Build.0 = Release|Any CPU
		{4F0B7052-A6F5-406E-A962-C5650B00C534}.Debug|Any CPU.ActiveCfg = Debug|Any CPU
		{4F0B7052-A6F5-406E-A962-C5650B00C534}.Debug|Any CPU.Build.0 = Debug|Any CPU
		{4F0B7052-A6F5-406E-A962-C5650B00C534}.Release|Any CPU.ActiveCfg = Release|Any CPU
		{4F0B7052-A6F5-406E-A962-C5650B00C534}.Release|Any CPU.Build.0 = Release|Any CPU
		{6F252124-7BB3-4398-AD95-ED970E81868B}.Debug|Any CPU.ActiveCfg = Debug|Any CPU
		{6F252124-7BB3-4398-AD95-ED970E81868B}.Debug|Any CPU.Build.0 = Debug|Any CPU
		{6F252124-7BB3-4398-AD95-ED970E81868B}.Release|Any CPU.ActiveCfg = Release|Any CPU
		{6F252124-7BB3-4398-AD95-ED970E81868B}.Release|Any CPU.Build.0 = Release|Any CPU
		{EC5870D8-D955-4A4C-81D3-8DC1D9859E3A}.Debug|Any CPU.ActiveCfg = Debug|Any CPU
		{EC5870D8-D955-4A4C-81D3-8DC1D9859E3A}.Debug|Any CPU.Build.0 = Debug|Any CPU
		{EC5870D8-D955-4A4C-81D3-8DC1D9859E3A}.Release|Any CPU.ActiveCfg = Release|Any CPU
		{EC5870D8-D955-4A4C-81D3-8DC1D9859E3A}.Release|Any CPU.Build.0 = Release|Any CPU
		{D47BB252-EA3B-4BF4-B82D-A16EC075928E}.Debug|Any CPU.ActiveCfg = Debug|Any CPU
		{D47BB252-EA3B-4BF4-B82D-A16EC075928E}.Debug|Any CPU.Build.0 = Debug|Any CPU
		{D47BB252-EA3B-4BF4-B82D-A16EC075928E}.Release|Any CPU.ActiveCfg = Release|Any CPU
		{D47BB252-EA3B-4BF4-B82D-A16EC075928E}.Release|Any CPU.Build.0 = Release|Any CPU
		{010BA600-0B8C-4017-AAE0-F6216837C3AD}.Debug|Any CPU.ActiveCfg = Debug|Any CPU
		{010BA600-0B8C-4017-AAE0-F6216837C3AD}.Debug|Any CPU.Build.0 = Debug|Any CPU
		{010BA600-0B8C-4017-AAE0-F6216837C3AD}.Release|Any CPU.ActiveCfg = Release|Any CPU
		{010BA600-0B8C-4017-AAE0-F6216837C3AD}.Release|Any CPU.Build.0 = Release|Any CPU
		{F8C8F46F-C295-4685-9F66-D7D1214D06DE}.Debug|Any CPU.ActiveCfg = Debug|Any CPU
		{F8C8F46F-C295-4685-9F66-D7D1214D06DE}.Debug|Any CPU.Build.0 = Debug|Any CPU
		{F8C8F46F-C295-4685-9F66-D7D1214D06DE}.Release|Any CPU.ActiveCfg = Release|Any CPU
		{F8C8F46F-C295-4685-9F66-D7D1214D06DE}.Release|Any CPU.Build.0 = Release|Any CPU
		{38BAA4A9-1C21-4DE9-9C09-92D6A08766F0}.Debug|Any CPU.ActiveCfg = Debug|Any CPU
		{38BAA4A9-1C21-4DE9-9C09-92D6A08766F0}.Debug|Any CPU.Build.0 = Debug|Any CPU
		{38BAA4A9-1C21-4DE9-9C09-92D6A08766F0}.Release|Any CPU.ActiveCfg = Release|Any CPU
		{38BAA4A9-1C21-4DE9-9C09-92D6A08766F0}.Release|Any CPU.Build.0 = Release|Any CPU
		{2E60BD43-1A13-4C3A-8FE6-37231FD54572}.Debug|Any CPU.ActiveCfg = Debug|Any CPU
		{2E60BD43-1A13-4C3A-8FE6-37231FD54572}.Debug|Any CPU.Build.0 = Debug|Any CPU
		{2E60BD43-1A13-4C3A-8FE6-37231FD54572}.Release|Any CPU.ActiveCfg = Release|Any CPU
		{2E60BD43-1A13-4C3A-8FE6-37231FD54572}.Release|Any CPU.Build.0 = Release|Any CPU
		{EE410282-326C-4C1C-B285-8A38EACAAEC6}.Debug|Any CPU.ActiveCfg = Debug|Any CPU
		{EE410282-326C-4C1C-B285-8A38EACAAEC6}.Debug|Any CPU.Build.0 = Debug|Any CPU
		{EE410282-326C-4C1C-B285-8A38EACAAEC6}.Release|Any CPU.ActiveCfg = Release|Any CPU
		{EE410282-326C-4C1C-B285-8A38EACAAEC6}.Release|Any CPU.Build.0 = Release|Any CPU
		{2C758B92-FFBE-464B-9D38-76F0DEEF3CA4}.Debug|Any CPU.ActiveCfg = Debug|Any CPU
		{2C758B92-FFBE-464B-9D38-76F0DEEF3CA4}.Debug|Any CPU.Build.0 = Debug|Any CPU
		{2C758B92-FFBE-464B-9D38-76F0DEEF3CA4}.Release|Any CPU.ActiveCfg = Release|Any CPU
		{2C758B92-FFBE-464B-9D38-76F0DEEF3CA4}.Release|Any CPU.Build.0 = Release|Any CPU
		{B7197B14-8A6A-4FE6-B4F1-31EEE26C13B0}.Debug|Any CPU.ActiveCfg = Debug|Any CPU
		{B7197B14-8A6A-4FE6-B4F1-31EEE26C13B0}.Debug|Any CPU.Build.0 = Debug|Any CPU
		{B7197B14-8A6A-4FE6-B4F1-31EEE26C13B0}.Release|Any CPU.ActiveCfg = Release|Any CPU
		{B7197B14-8A6A-4FE6-B4F1-31EEE26C13B0}.Release|Any CPU.Build.0 = Release|Any CPU
		{B2BA8A98-778C-44B1-8C4E-A76C3F5E9736}.Debug|Any CPU.ActiveCfg = Debug|Any CPU
		{B2BA8A98-778C-44B1-8C4E-A76C3F5E9736}.Debug|Any CPU.Build.0 = Debug|Any CPU
		{B2BA8A98-778C-44B1-8C4E-A76C3F5E9736}.Release|Any CPU.ActiveCfg = Release|Any CPU
		{B2BA8A98-778C-44B1-8C4E-A76C3F5E9736}.Release|Any CPU.Build.0 = Release|Any CPU
		{417595C7-369B-49BE-8B93-8AB9D9F522E6}.Debug|Any CPU.ActiveCfg = Debug|Any CPU
		{417595C7-369B-49BE-8B93-8AB9D9F522E6}.Debug|Any CPU.Build.0 = Debug|Any CPU
		{417595C7-369B-49BE-8B93-8AB9D9F522E6}.Release|Any CPU.ActiveCfg = Release|Any CPU
		{417595C7-369B-49BE-8B93-8AB9D9F522E6}.Release|Any CPU.Build.0 = Release|Any CPU
	EndGlobalSection
	GlobalSection(SolutionProperties) = preSolution
		HideSolutionNode = FALSE
	EndGlobalSection
	GlobalSection(ExtensibilityGlobals) = postSolution
		SolutionGuid = {4A4FEC52-1AAD-47AF-8F0B-A7BE6E8E1F68}
	EndGlobalSection
EndGlobal
